
Microsoft Visual Studio Solution File, Format Version 12.00
# Visual Studio 15
Project("{FAE04EC0-301F-11D3-BF4B-00C04F79EFBC}") = "Assembly-CSharp", "Assembly-CSharp.csproj", "{22CC1876-B7CB-86BF-29A4-0A7613A2D8B1}"
EndProject
Project("{FAE04EC0-301F-11D3-BF4B-00C04F79EFBC}") = "Assembly-CSharp-Editor", "Assembly-CSharp-Editor.csproj", "{7CFDAEBC-778F-0763-9681-82B5A9B5EAFD}"
EndProject
Global
	GlobalSection(SolutionConfigurationPlatforms) = preSolution
		Debug|Any CPU = Debug|Any CPU
		Release|Any CPU = Release|Any CPU
	EndGlobalSection
	GlobalSection(ProjectConfigurationPlatforms) = postSolution
		{22CC1876-B7CB-86BF-29A4-0A7613A2D8B1}.Debug|Any CPU.ActiveCfg = Debug|Any CPU
		{22CC1876-B7CB-86BF-29A4-0A7613A2D8B1}.Debug|Any CPU.Build.0 = Debug|Any CPU
		{22CC1876-B7CB-86BF-29A4-0A7613A2D8B1}.Release|Any CPU.ActiveCfg = Release|Any CPU
		{22CC1876-B7CB-86BF-29A4-0A7613A2D8B1}.Release|Any CPU.Build.0 = Release|Any CPU
		{7CFDAEBC-778F-0763-9681-82B5A9B5EAFD}.Debug|Any CPU.ActiveCfg = Debug|Any CPU
		{7CFDAEBC-778F-0763-9681-82B5A9B5EAFD}.Debug|Any CPU.Build.0 = Debug|Any CPU
		{7CFDAEBC-778F-0763-9681-82B5A9B5EAFD}.Release|Any CPU.ActiveCfg = Release|Any CPU
		{7CFDAEBC-778F-0763-9681-82B5A9B5EAFD}.Release|Any CPU.Build.0 = Release|Any CPU
	EndGlobalSection
	GlobalSection(SolutionProperties) = preSolution
		HideSolutionNode = FALSE
	EndGlobalSection
EndGlobal
